// !$*UTF8*$!
{
	archiveVersion = 1;
	classes = {
	};
	objectVersion = 51;
	objects = {

/* Begin PBXBuildFile section */
		4088F190FDDBF7F3A06B6992 /* Pods_UBER.framework in Frameworks */ = {isa = PBXBuildFile; fileRef = 420F52D9C814972159785D89 /* Pods_UBER.framework */; };
		4102B772262F3EAF00384C6B /* DriverAnnotation.swift in Sources */ = {isa = PBXBuildFile; fileRef = 4102B771262F3EAF00384C6B /* DriverAnnotation.swift */; };
		41352EBA262DE16000B12D49 /* LocationInputView.swift in Sources */ = {isa = PBXBuildFile; fileRef = 41352EB9262DE16000B12D49 /* LocationInputView.swift */; };
		41352EBD262DF3EA00B12D49 /* LocationCell.swift in Sources */ = {isa = PBXBuildFile; fileRef = 41352EBC262DF3EA00B12D49 /* LocationCell.swift */; };
		41352EC1262DFD4000B12D49 /* Service.swift in Sources */ = {isa = PBXBuildFile; fileRef = 41352EC0262DFD4000B12D49 /* Service.swift */; };
		41352EC4262E075B00B12D49 /* User.swift in Sources */ = {isa = PBXBuildFile; fileRef = 41352EC3262E075B00B12D49 /* User.swift */; };
		41352EC7262E919800B12D49 /* LocationHandler.swift in Sources */ = {isa = PBXBuildFile; fileRef = 41352EC6262E919800B12D49 /* LocationHandler.swift */; };
		415ED7E4262BF7A9000DE5EF /* AppDelegate.swift in Sources */ = {isa = PBXBuildFile; fileRef = 415ED7E3262BF7A9000DE5EF /* AppDelegate.swift */; };
		415ED7E6262BF7A9000DE5EF /* SceneDelegate.swift in Sources */ = {isa = PBXBuildFile; fileRef = 415ED7E5262BF7A9000DE5EF /* SceneDelegate.swift */; };
		415ED7E8262BF7A9000DE5EF /* ViewController.swift in Sources */ = {isa = PBXBuildFile; fileRef = 415ED7E7262BF7A9000DE5EF /* ViewController.swift */; };
		415ED7EB262BF7A9000DE5EF /* Main.storyboard in Resources */ = {isa = PBXBuildFile; fileRef = 415ED7E9262BF7A9000DE5EF /* Main.storyboard */; };
		415ED7ED262BF7AA000DE5EF /* Assets.xcassets in Resources */ = {isa = PBXBuildFile; fileRef = 415ED7EC262BF7AA000DE5EF /* Assets.xcassets */; };
		415ED7F0262BF7AA000DE5EF /* LaunchScreen.storyboard in Resources */ = {isa = PBXBuildFile; fileRef = 415ED7EE262BF7AA000DE5EF /* LaunchScreen.storyboard */; };
		415ED7FE262BF86B000DE5EF /* LoginController.swift in Sources */ = {isa = PBXBuildFile; fileRef = 415ED7FD262BF86B000DE5EF /* LoginController.swift */; };
		415ED802262BFA57000DE5EF /* Extensions.swift in Sources */ = {isa = PBXBuildFile; fileRef = 415ED801262BFA57000DE5EF /* Extensions.swift */; };
		419F0A4D2635DEA200439C60 /* PickupController.swift in Sources */ = {isa = PBXBuildFile; fileRef = 419F0A4C2635DEA200439C60 /* PickupController.swift */; };
		41B7003D262CA4D300F6AF7B /* SignUpController.swift in Sources */ = {isa = PBXBuildFile; fileRef = 41B7003C262CA4D300F6AF7B /* SignUpController.swift */; };
		41B70040262CB4A800F6AF7B /* AuthButton.swift in Sources */ = {isa = PBXBuildFile; fileRef = 41B7003F262CB4A800F6AF7B /* AuthButton.swift */; };
		41B70043262CBCAF00F6AF7B /* GoogleService-Info.plist in Resources */ = {isa = PBXBuildFile; fileRef = 41B70042262CBCAF00F6AF7B /* GoogleService-Info.plist */; };
		41B70047262CBD1500F6AF7B /* NOTE.swift in Sources */ = {isa = PBXBuildFile; fileRef = 41B70046262CBD1500F6AF7B /* NOTE.swift */; };
		41B844652633E11C00AE2B72 /* Trip.swift in Sources */ = {isa = PBXBuildFile; fileRef = 41B844642633E11C00AE2B72 /* Trip.swift */; };
		41BFAF1B262CD9060024972B /* HomeController.swift in Sources */ = {isa = PBXBuildFile; fileRef = 41BFAF1A262CD9060024972B /* HomeController.swift */; };
		41BFAF1F262D5D690024972B /* LocationInputActivationView.swift in Sources */ = {isa = PBXBuildFile; fileRef = 41BFAF1E262D5D690024972B /* LocationInputActivationView.swift */; };
		41F1AAF82633395000EF3FB0 /* RideActionView.swift in Sources */ = {isa = PBXBuildFile; fileRef = 41F1AAF72633395000EF3FB0 /* RideActionView.swift */; };
/* End PBXBuildFile section */

/* Begin PBXFileReference section */
		4102B771262F3EAF00384C6B /* DriverAnnotation.swift */ = {isa = PBXFileReference; lastKnownFileType = sourcecode.swift; path = DriverAnnotation.swift; sourceTree = "<group>"; };
		41352EB9262DE16000B12D49 /* LocationInputView.swift */ = {isa = PBXFileReference; lastKnownFileType = sourcecode.swift; path = LocationInputView.swift; sourceTree = "<group>"; };
		41352EBC262DF3EA00B12D49 /* LocationCell.swift */ = {isa = PBXFileReference; lastKnownFileType = sourcecode.swift; path = LocationCell.swift; sourceTree = "<group>"; };
		41352EC0262DFD4000B12D49 /* Service.swift */ = {isa = PBXFileReference; lastKnownFileType = sourcecode.swift; path = Service.swift; sourceTree = "<group>"; };
		41352EC3262E075B00B12D49 /* User.swift */ = {isa = PBXFileReference; lastKnownFileType = sourcecode.swift; path = User.swift; sourceTree = "<group>"; };
		41352EC6262E919800B12D49 /* LocationHandler.swift */ = {isa = PBXFileReference; lastKnownFileType = sourcecode.swift; path = LocationHandler.swift; sourceTree = "<group>"; };
		415ED7E0262BF7A9000DE5EF /* UBER.app */ = {isa = PBXFileReference; explicitFileType = wrapper.application; includeInIndex = 0; path = UBER.app; sourceTree = BUILT_PRODUCTS_DIR; };
		415ED7E3262BF7A9000DE5EF /* AppDelegate.swift */ = {isa = PBXFileReference; lastKnownFileType = sourcecode.swift; path = AppDelegate.swift; sourceTree = "<group>"; };
		415ED7E5262BF7A9000DE5EF /* SceneDelegate.swift */ = {isa = PBXFileReference; lastKnownFileType = sourcecode.swift; path = SceneDelegate.swift; sourceTree = "<group>"; };
		415ED7E7262BF7A9000DE5EF /* ViewController.swift */ = {isa = PBXFileReference; lastKnownFileType = sourcecode.swift; path = ViewController.swift; sourceTree = "<group>"; };
		415ED7EA262BF7A9000DE5EF /* Base */ = {isa = PBXFileReference; lastKnownFileType = file.storyboard; name = Base; path = Base.lproj/Main.storyboard; sourceTree = "<group>"; };
		415ED7EC262BF7AA000DE5EF /* Assets.xcassets */ = {isa = PBXFileReference; lastKnownFileType = folder.assetcatalog; path = Assets.xcassets; sourceTree = "<group>"; };
		415ED7EF262BF7AA000DE5EF /* Base */ = {isa = PBXFileReference; lastKnownFileType = file.storyboard; name = Base; path = Base.lproj/LaunchScreen.storyboard; sourceTree = "<group>"; };
		415ED7F1262BF7AA000DE5EF /* Info.plist */ = {isa = PBXFileReference; lastKnownFileType = text.plist.xml; path = Info.plist; sourceTree = "<group>"; };
		415ED7FD262BF86B000DE5EF /* LoginController.swift */ = {isa = PBXFileReference; lastKnownFileType = sourcecode.swift; path = LoginController.swift; sourceTree = "<group>"; };
		415ED801262BFA57000DE5EF /* Extensions.swift */ = {isa = PBXFileReference; lastKnownFileType = sourcecode.swift; path = Extensions.swift; sourceTree = "<group>"; };
		419F0A4C2635DEA200439C60 /* PickupController.swift */ = {isa = PBXFileReference; lastKnownFileType = sourcecode.swift; path = PickupController.swift; sourceTree = "<group>"; };
		41B7003C262CA4D300F6AF7B /* SignUpController.swift */ = {isa = PBXFileReference; lastKnownFileType = sourcecode.swift; path = SignUpController.swift; sourceTree = "<group>"; };
		41B7003F262CB4A800F6AF7B /* AuthButton.swift */ = {isa = PBXFileReference; lastKnownFileType = sourcecode.swift; path = AuthButton.swift; sourceTree = "<group>"; };
		41B70042262CBCAF00F6AF7B /* GoogleService-Info.plist */ = {isa = PBXFileReference; fileEncoding = 4; lastKnownFileType = text.plist.xml; path = "GoogleService-Info.plist"; sourceTree = "<group>"; };
		41B70046262CBD1500F6AF7B /* NOTE.swift */ = {isa = PBXFileReference; lastKnownFileType = sourcecode.swift; path = NOTE.swift; sourceTree = "<group>"; };
		41B844642633E11C00AE2B72 /* Trip.swift */ = {isa = PBXFileReference; lastKnownFileType = sourcecode.swift; path = Trip.swift; sourceTree = "<group>"; };
		41BFAF1A262CD9060024972B /* HomeController.swift */ = {isa = PBXFileReference; lastKnownFileType = sourcecode.swift; path = HomeController.swift; sourceTree = "<group>"; };
		41BFAF1E262D5D690024972B /* LocationInputActivationView.swift */ = {isa = PBXFileReference; lastKnownFileType = sourcecode.swift; path = LocationInputActivationView.swift; sourceTree = "<group>"; };
		41F1AAF72633395000EF3FB0 /* RideActionView.swift */ = {isa = PBXFileReference; lastKnownFileType = sourcecode.swift; path = RideActionView.swift; sourceTree = "<group>"; };
		420F52D9C814972159785D89 /* Pods_UBER.framework */ = {isa = PBXFileReference; explicitFileType = wrapper.framework; includeInIndex = 0; path = Pods_UBER.framework; sourceTree = BUILT_PRODUCTS_DIR; };
		8200C4CFEDCEFD4FE775FAD7 /* Pods-UBER.debug.xcconfig */ = {isa = PBXFileReference; includeInIndex = 1; lastKnownFileType = text.xcconfig; name = "Pods-UBER.debug.xcconfig"; path = "Target Support Files/Pods-UBER/Pods-UBER.debug.xcconfig"; sourceTree = "<group>"; };
		BCB371F2ABF44950A7C510D1 /* Pods-UBER.release.xcconfig */ = {isa = PBXFileReference; includeInIndex = 1; lastKnownFileType = text.xcconfig; name = "Pods-UBER.release.xcconfig"; path = "Target Support Files/Pods-UBER/Pods-UBER.release.xcconfig"; sourceTree = "<group>"; };
/* End PBXFileReference section */

/* Begin PBXFrameworksBuildPhase section */
		415ED7DD262BF7A9000DE5EF /* Frameworks */ = {
			isa = PBXFrameworksBuildPhase;
			buildActionMask = 2147483647;
			files = (
				4088F190FDDBF7F3A06B6992 /* Pods_UBER.framework in Frameworks */,
			);
			runOnlyForDeploymentPostprocessing = 0;
		};
/* End PBXFrameworksBuildPhase section */

/* Begin PBXGroup section */
		35CE030114966AE33F6544F3 /* Pods */ = {
			isa = PBXGroup;
			children = (
				8200C4CFEDCEFD4FE775FAD7 /* Pods-UBER.debug.xcconfig */,
				BCB371F2ABF44950A7C510D1 /* Pods-UBER.release.xcconfig */,
			);
			path = Pods;
			sourceTree = "<group>";
		};
		415ED7D7262BF7A9000DE5EF = {
			isa = PBXGroup;
			children = (
				415ED7E2262BF7A9000DE5EF /* UBER */,
				415ED7E1262BF7A9000DE5EF /* Products */,
				35CE030114966AE33F6544F3 /* Pods */,
				6339E6C76835883C195F61AB /* Frameworks */,
			);
			sourceTree = "<group>";
		};
		415ED7E1262BF7A9000DE5EF /* Products */ = {
			isa = PBXGroup;
			children = (
				415ED7E0262BF7A9000DE5EF /* UBER.app */,
			);
			name = Products;
			sourceTree = "<group>";
		};
		415ED7E2262BF7A9000DE5EF /* UBER */ = {
			isa = PBXGroup;
			children = (
				41B70046262CBD1500F6AF7B /* NOTE.swift */,
				415ED7FC262BF7D5000DE5EF /* Model */,
				415ED7FB262BF7D3000DE5EF /* View */,
				415ED7FA262BF7D1000DE5EF /* Controller */,
				415ED7F9262BF7C9000DE5EF /* Services */,
				415ED7F8262BF7C5000DE5EF /* Utilities */,
				415ED7EC262BF7AA000DE5EF /* Assets.xcassets */,
				415ED7EE262BF7AA000DE5EF /* LaunchScreen.storyboard */,
				41B70042262CBCAF00F6AF7B /* GoogleService-Info.plist */,
				415ED7F1262BF7AA000DE5EF /* Info.plist */,
			);
			path = UBER;
			sourceTree = "<group>";
		};
		415ED7F8262BF7C5000DE5EF /* Utilities */ = {
			isa = PBXGroup;
			children = (
				415ED7E3262BF7A9000DE5EF /* AppDelegate.swift */,
				415ED7E5262BF7A9000DE5EF /* SceneDelegate.swift */,
				415ED7E7262BF7A9000DE5EF /* ViewController.swift */,
				415ED7E9262BF7A9000DE5EF /* Main.storyboard */,
				415ED801262BFA57000DE5EF /* Extensions.swift */,
			);
			path = Utilities;
			sourceTree = "<group>";
		};
		415ED7F9262BF7C9000DE5EF /* Services */ = {
			isa = PBXGroup;
			children = (
				41352EC0262DFD4000B12D49 /* Service.swift */,
				41352EC6262E919800B12D49 /* LocationHandler.swift */,
			);
			path = Services;
			sourceTree = "<group>";
		};
		415ED7FA262BF7D1000DE5EF /* Controller */ = {
			isa = PBXGroup;
			children = (
				415ED7FD262BF86B000DE5EF /* LoginController.swift */,
				41B7003C262CA4D300F6AF7B /* SignUpController.swift */,
				41BFAF1A262CD9060024972B /* HomeController.swift */,
				419F0A4C2635DEA200439C60 /* PickupController.swift */,
			);
			path = Controller;
			sourceTree = "<group>";
		};
		415ED7FB262BF7D3000DE5EF /* View */ = {
			isa = PBXGroup;
			children = (
				41B7003F262CB4A800F6AF7B /* AuthButton.swift */,
				41BFAF1E262D5D690024972B /* LocationInputActivationView.swift */,
				41352EB9262DE16000B12D49 /* LocationInputView.swift */,
				41352EBC262DF3EA00B12D49 /* LocationCell.swift */,
				41F1AAF72633395000EF3FB0 /* RideActionView.swift */,
			);
			path = View;
			sourceTree = "<group>";
		};
		415ED7FC262BF7D5000DE5EF /* Model */ = {
			isa = PBXGroup;
			children = (
				41352EC3262E075B00B12D49 /* User.swift */,
				4102B771262F3EAF00384C6B /* DriverAnnotation.swift */,
				41B844642633E11C00AE2B72 /* Trip.swift */,
			);
			path = Model;
			sourceTree = "<group>";
		};
		6339E6C76835883C195F61AB /* Frameworks */ = {
			isa = PBXGroup;
			children = (
				420F52D9C814972159785D89 /* Pods_UBER.framework */,
			);
			name = Frameworks;
			sourceTree = "<group>";
		};
/* End PBXGroup section */

/* Begin PBXNativeTarget section */
		415ED7DF262BF7A9000DE5EF /* UBER */ = {
			isa = PBXNativeTarget;
			buildConfigurationList = 415ED7F4262BF7AA000DE5EF /* Build configuration list for PBXNativeTarget "UBER" */;
			buildPhases = (
				F0380AA1BB74A0389A5FAE96 /* [CP] Check Pods Manifest.lock */,
				415ED7DC262BF7A9000DE5EF /* Sources */,
				415ED7DD262BF7A9000DE5EF /* Frameworks */,
				415ED7DE262BF7A9000DE5EF /* Resources */,
				E97B05F68E75840EA856292B /* [CP] Embed Pods Frameworks */,
			);
			buildRules = (
			);
			dependencies = (
			);
			name = UBER;
			productName = UBER;
			productReference = 415ED7E0262BF7A9000DE5EF /* UBER.app */;
			productType = "com.apple.product-type.application";
		};
/* End PBXNativeTarget section */

/* Begin PBXProject section */
		415ED7D8262BF7A9000DE5EF /* Project object */ = {
			isa = PBXProject;
			attributes = {
				LastSwiftUpdateCheck = 1240;
				LastUpgradeCheck = 1240;
				TargetAttributes = {
					415ED7DF262BF7A9000DE5EF = {
						CreatedOnToolsVersion = 12.4;
					};
				};
			};
			buildConfigurationList = 415ED7DB262BF7A9000DE5EF /* Build configuration list for PBXProject "UBER" */;
			compatibilityVersion = "Xcode 9.3";
			developmentRegion = en;
			hasScannedForEncodings = 0;
			knownRegions = (
				en,
				Base,
			);
			mainGroup = 415ED7D7262BF7A9000DE5EF;
			productRefGroup = 415ED7E1262BF7A9000DE5EF /* Products */;
			projectDirPath = "";
			projectRoot = "";
			targets = (
				415ED7DF262BF7A9000DE5EF /* UBER */,
			);
		};
/* End PBXProject section */

/* Begin PBXResourcesBuildPhase section */
		415ED7DE262BF7A9000DE5EF /* Resources */ = {
			isa = PBXResourcesBuildPhase;
			buildActionMask = 2147483647;
			files = (
				415ED7F0262BF7AA000DE5EF /* LaunchScreen.storyboard in Resources */,
				41B70043262CBCAF00F6AF7B /* GoogleService-Info.plist in Resources */,
				415ED7ED262BF7AA000DE5EF /* Assets.xcassets in Resources */,
				415ED7EB262BF7A9000DE5EF /* Main.storyboard in Resources */,
			);
			runOnlyForDeploymentPostprocessing = 0;
		};
/* End PBXResourcesBuildPhase section */

/* Begin PBXShellScriptBuildPhase section */
		E97B05F68E75840EA856292B /* [CP] Embed Pods Frameworks */ = {
			isa = PBXShellScriptBuildPhase;
			buildActionMask = 2147483647;
			files = (
			);
			inputFileListPaths = (
				"${PODS_ROOT}/Target Support Files/Pods-UBER/Pods-UBER-frameworks-${CONFIGURATION}-input-files.xcfilelist",
			);
			name = "[CP] Embed Pods Frameworks";
			outputFileListPaths = (
				"${PODS_ROOT}/Target Support Files/Pods-UBER/Pods-UBER-frameworks-${CONFIGURATION}-output-files.xcfilelist",
			);
			runOnlyForDeploymentPostprocessing = 0;
			shellPath = /bin/sh;
			shellScript = "\"${PODS_ROOT}/Target Support Files/Pods-UBER/Pods-UBER-frameworks.sh\"\n";
			showEnvVarsInLog = 0;
		};
		F0380AA1BB74A0389A5FAE96 /* [CP] Check Pods Manifest.lock */ = {
			isa = PBXShellScriptBuildPhase;
			buildActionMask = 2147483647;
			files = (
			);
			inputFileListPaths = (
			);
			inputPaths = (
				"${PODS_PODFILE_DIR_PATH}/Podfile.lock",
				"${PODS_ROOT}/Manifest.lock",
			);
			name = "[CP] Check Pods Manifest.lock";
			outputFileListPaths = (
			);
			outputPaths = (
				"$(DERIVED_FILE_DIR)/Pods-UBER-checkManifestLockResult.txt",
			);
			runOnlyForDeploymentPostprocessing = 0;
			shellPath = /bin/sh;
			shellScript = "diff \"${PODS_PODFILE_DIR_PATH}/Podfile.lock\" \"${PODS_ROOT}/Manifest.lock\" > /dev/null\nif [ $? != 0 ] ; then\n    # print error to STDERR\n    echo \"error: The sandbox is not in sync with the Podfile.lock. Run 'pod install' or update your CocoaPods installation.\" >&2\n    exit 1\nfi\n# This output is used by Xcode 'outputs' to avoid re-running this script phase.\necho \"SUCCESS\" > \"${SCRIPT_OUTPUT_FILE_0}\"\n";
			showEnvVarsInLog = 0;
		};
/* End PBXShellScriptBuildPhase section */

/* Begin PBXSourcesBuildPhase section */
		415ED7DC262BF7A9000DE5EF /* Sources */ = {
			isa = PBXSourcesBuildPhase;
			buildActionMask = 2147483647;
			files = (
				41352EC7262E919800B12D49 /* LocationHandler.swift in Sources */,
				41BFAF1F262D5D690024972B /* LocationInputActivationView.swift in Sources */,
				41352EC1262DFD4000B12D49 /* Service.swift in Sources */,
				415ED802262BFA57000DE5EF /* Extensions.swift in Sources */,
				41B70040262CB4A800F6AF7B /* AuthButton.swift in Sources */,
				415ED7E8262BF7A9000DE5EF /* ViewController.swift in Sources */,
				41B70047262CBD1500F6AF7B /* NOTE.swift in Sources */,
				41352EC4262E075B00B12D49 /* User.swift in Sources */,
				4102B772262F3EAF00384C6B /* DriverAnnotation.swift in Sources */,
				415ED7FE262BF86B000DE5EF /* LoginController.swift in Sources */,
				41BFAF1B262CD9060024972B /* HomeController.swift in Sources */,
				415ED7E4262BF7A9000DE5EF /* AppDelegate.swift in Sources */,
				41B844652633E11C00AE2B72 /* Trip.swift in Sources */,
				415ED7E6262BF7A9000DE5EF /* SceneDelegate.swift in Sources */,
				41352EBD262DF3EA00B12D49 /* LocationCell.swift in Sources */,
				419F0A4D2635DEA200439C60 /* PickupController.swift in Sources */,
				41F1AAF82633395000EF3FB0 /* RideActionView.swift in Sources */,
				41B7003D262CA4D300F6AF7B /* SignUpController.swift in Sources */,
				41352EBA262DE16000B12D49 /* LocationInputView.swift in Sources */,
			);
			runOnlyForDeploymentPostprocessing = 0;
		};
/* End PBXSourcesBuildPhase section */

/* Begin PBXVariantGroup section */
		415ED7E9262BF7A9000DE5EF /* Main.storyboard */ = {
			isa = PBXVariantGroup;
			children = (
				415ED7EA262BF7A9000DE5EF /* Base */,
			);
			name = Main.storyboard;
			sourceTree = "<group>";
		};
		415ED7EE262BF7AA000DE5EF /* LaunchScreen.storyboard */ = {
			isa = PBXVariantGroup;
			children = (
				415ED7EF262BF7AA000DE5EF /* Base */,
			);
			name = LaunchScreen.storyboard;
			sourceTree = "<group>";
		};
/* End PBXVariantGroup section */

/* Begin XCBuildConfiguration section */
		415ED7F2262BF7AA000DE5EF /* Debug */ = {
			isa = XCBuildConfiguration;
			buildSettings = {
				ALWAYS_SEARCH_USER_PATHS = NO;
				CLANG_ANALYZER_NONNULL = YES;
				CLANG_ANALYZER_NUMBER_OBJECT_CONVERSION = YES_AGGRESSIVE;
				CLANG_CXX_LANGUAGE_STANDARD = "gnu++14";
				CLANG_CXX_LIBRARY = "libc++";
				CLANG_ENABLE_MODULES = YES;
				CLANG_ENABLE_OBJC_ARC = YES;
				CLANG_ENABLE_OBJC_WEAK = YES;
				CLANG_WARN_BLOCK_CAPTURE_AUTORELEASING = YES;
				CLANG_WARN_BOOL_CONVERSION = YES;
				CLANG_WARN_COMMA = YES;
				CLANG_WARN_CONSTANT_CONVERSION = YES;
				CLANG_WARN_DEPRECATED_OBJC_IMPLEMENTATIONS = YES;
				CLANG_WARN_DIRECT_OBJC_ISA_USAGE = YES_ERROR;
				CLANG_WARN_DOCUMENTATION_COMMENTS = YES;
				CLANG_WARN_EMPTY_BODY = YES;
				CLANG_WARN_ENUM_CONVERSION = YES;
				CLANG_WARN_INFINITE_RECURSION = YES;
				CLANG_WARN_INT_CONVERSION = YES;
				CLANG_WARN_NON_LITERAL_NULL_CONVERSION = YES;
				CLANG_WARN_OBJC_IMPLICIT_RETAIN_SELF = YES;
				CLANG_WARN_OBJC_LITERAL_CONVERSION = YES;
				CLANG_WARN_OBJC_ROOT_CLASS = YES_ERROR;
				CLANG_WARN_QUOTED_INCLUDE_IN_FRAMEWORK_HEADER = YES;
				CLANG_WARN_RANGE_LOOP_ANALYSIS = YES;
				CLANG_WARN_STRICT_PROTOTYPES = YES;
				CLANG_WARN_SUSPICIOUS_MOVE = YES;
				CLANG_WARN_UNGUARDED_AVAILABILITY = YES_AGGRESSIVE;
				CLANG_WARN_UNREACHABLE_CODE = YES;
				CLANG_WARN__DUPLICATE_METHOD_MATCH = YES;
				COPY_PHASE_STRIP = NO;
				DEBUG_INFORMATION_FORMAT = dwarf;
				ENABLE_STRICT_OBJC_MSGSEND = YES;
				ENABLE_TESTABILITY = YES;
				GCC_C_LANGUAGE_STANDARD = gnu11;
				GCC_DYNAMIC_NO_PIC = NO;
				GCC_NO_COMMON_BLOCKS = YES;
				GCC_OPTIMIZATION_LEVEL = 0;
				GCC_PREPROCESSOR_DEFINITIONS = (
					"DEBUG=1",
					"$(inherited)",
				);
				GCC_WARN_64_TO_32_BIT_CONVERSION = YES;
				GCC_WARN_ABOUT_RETURN_TYPE = YES_ERROR;
				GCC_WARN_UNDECLARED_SELECTOR = YES;
				GCC_WARN_UNINITIALIZED_AUTOS = YES_AGGRESSIVE;
				GCC_WARN_UNUSED_FUNCTION = YES;
				GCC_WARN_UNUSED_VARIABLE = YES;
				IPHONEOS_DEPLOYMENT_TARGET = 14.4;
				MTL_ENABLE_DEBUG_INFO = INCLUDE_SOURCE;
				MTL_FAST_MATH = YES;
				ONLY_ACTIVE_ARCH = YES;
				SDKROOT = iphoneos;
				SWIFT_ACTIVE_COMPILATION_CONDITIONS = DEBUG;
				SWIFT_OPTIMIZATION_LEVEL = "-Onone";
			};
			name = Debug;
		};
		415ED7F3262BF7AA000DE5EF /* Release */ = {
			isa = XCBuildConfiguration;
			buildSettings = {
				ALWAYS_SEARCH_USER_PATHS = NO;
				CLANG_ANALYZER_NONNULL = YES;
				CLANG_ANALYZER_NUMBER_OBJECT_CONVERSION = YES_AGGRESSIVE;
				CLANG_CXX_LANGUAGE_STANDARD = "gnu++14";
				CLANG_CXX_LIBRARY = "libc++";
				CLANG_ENABLE_MODULES = YES;
				CLANG_ENABLE_OBJC_ARC = YES;
				CLANG_ENABLE_OBJC_WEAK = YES;
				CLANG_WARN_BLOCK_CAPTURE_AUTORELEASING = YES;
				CLANG_WARN_BOOL_CONVERSION = YES;
				CLANG_WARN_COMMA = YES;
				CLANG_WARN_CONSTANT_CONVERSION = YES;
				CLANG_WARN_DEPRECATED_OBJC_IMPLEMENTATIONS = YES;
				CLANG_WARN_DIRECT_OBJC_ISA_USAGE = YES_ERROR;
				CLANG_WARN_DOCUMENTATION_COMMENTS = YES;
				CLANG_WARN_EMPTY_BODY = YES;
				CLANG_WARN_ENUM_CONVERSION = YES;
				CLANG_WARN_INFINITE_RECURSION = YES;
				CLANG_WARN_INT_CONVERSION = YES;
				CLANG_WARN_NON_LITERAL_NULL_CONVERSION = YES;
				CLANG_WARN_OBJC_IMPLICIT_RETAIN_SELF = YES;
				CLANG_WARN_OBJC_LITERAL_CONVERSION = YES;
				CLANG_WARN_OBJC_ROOT_CLASS = YES_ERROR;
				CLANG_WARN_QUOTED_INCLUDE_IN_FRAMEWORK_HEADER = YES;
				CLANG_WARN_RANGE_LOOP_ANALYSIS = YES;
				CLANG_WARN_STRICT_PROTOTYPES = YES;
				CLANG_WARN_SUSPICIOUS_MOVE = YES;
				CLANG_WARN_UNGUARDED_AVAILABILITY = YES_AGGRESSIVE;
				CLANG_WARN_UNREACHABLE_CODE = YES;
				CLANG_WARN__DUPLICATE_METHOD_MATCH = YES;
				COPY_PHASE_STRIP = NO;
				DEBUG_INFORMATION_FORMAT = "dwarf-with-dsym";
				ENABLE_NS_ASSERTIONS = NO;
				ENABLE_STRICT_OBJC_MSGSEND = YES;
				GCC_C_LANGUAGE_STANDARD = gnu11;
				GCC_NO_COMMON_BLOCKS = YES;
				GCC_WARN_64_TO_32_BIT_CONVERSION = YES;
				GCC_WARN_ABOUT_RETURN_TYPE = YES_ERROR;
				GCC_WARN_UNDECLARED_SELECTOR = YES;
				GCC_WARN_UNINITIALIZED_AUTOS = YES_AGGRESSIVE;
				GCC_WARN_UNUSED_FUNCTION = YES;
				GCC_WARN_UNUSED_VARIABLE = YES;
				IPHONEOS_DEPLOYMENT_TARGET = 14.4;
				MTL_ENABLE_DEBUG_INFO = NO;
				MTL_FAST_MATH = YES;
				SDKROOT = iphoneos;
				SWIFT_COMPILATION_MODE = wholemodule;
				SWIFT_OPTIMIZATION_LEVEL = "-O";
				VALIDATE_PRODUCT = YES;
			};
			name = Release;
		};
		415ED7F5262BF7AA000DE5EF /* Debug */ = {
			isa = XCBuildConfiguration;
			baseConfigurationReference = 8200C4CFEDCEFD4FE775FAD7 /* Pods-UBER.debug.xcconfig */;
			buildSettings = {
				ASSETCATALOG_COMPILER_APPICON_NAME = AppIcon;
				ASSETCATALOG_COMPILER_GLOBAL_ACCENT_COLOR_NAME = AccentColor;
				CODE_SIGN_STYLE = Automatic;
				DEVELOPMENT_TEAM = 7Q54M9F3YT;
				INFOPLIST_FILE = UBER/Info.plist;
				LD_RUNPATH_SEARCH_PATHS = (
					"$(inherited)",
					"@executable_path/Frameworks",
				);
				PRODUCT_BUNDLE_IDENTIFIER = com.LongNguyen39.UBER;
				PRODUCT_NAME = "$(TARGET_NAME)";
				SWIFT_VERSION = 5.0;
				TARGETED_DEVICE_FAMILY = 1;
			};
			name = Debug;
		};
		415ED7F6262BF7AA000DE5EF /* Release */ = {
			isa = XCBuildConfiguration;
			baseConfigurationReference = BCB371F2ABF44950A7C510D1 /* Pods-UBER.release.xcconfig */;
			buildSettings = {
				ASSETCATALOG_COMPILER_APPICON_NAME = AppIcon;
				ASSETCATALOG_COMPILER_GLOBAL_ACCENT_COLOR_NAME = AccentColor;
				CODE_SIGN_STYLE = Automatic;
				DEVELOPMENT_TEAM = 7Q54M9F3YT;
				INFOPLIST_FILE = UBER/Info.plist;
				LD_RUNPATH_SEARCH_PATHS = (
					"$(inherited)",
					"@executable_path/Frameworks",
				);
				PRODUCT_BUNDLE_IDENTIFIER = com.LongNguyen39.UBER;
				PRODUCT_NAME = "$(TARGET_NAME)";
				SWIFT_VERSION = 5.0;
				TARGETED_DEVICE_FAMILY = 1;
			};
			name = Release;
		};
/* End XCBuildConfiguration section */

/* Begin XCConfigurationList section */
		415ED7DB262BF7A9000DE5EF /* Build configuration list for PBXProject "UBER" */ = {
			isa = XCConfigurationList;
			buildConfigurations = (
				415ED7F2262BF7AA000DE5EF /* Debug */,
				415ED7F3262BF7AA000DE5EF /* Release */,
			);
			defaultConfigurationIsVisible = 0;
			defaultConfigurationName = Release;
		};
		415ED7F4262BF7AA000DE5EF /* Build configuration list for PBXNativeTarget "UBER" */ = {
			isa = XCConfigurationList;
			buildConfigurations = (
				415ED7F5262BF7AA000DE5EF /* Debug */,
				415ED7F6262BF7AA000DE5EF /* Release */,
			);
			defaultConfigurationIsVisible = 0;
			defaultConfigurationName = Release;
		};
/* End XCConfigurationList section */
	};
	rootObject = 415ED7D8262BF7A9000DE5EF /* Project object */;
}
